{
  "version": 4,
  "terraform_version": "1.4.0",
  "serial": 1,
  "lineage": "13edf04f-e1b0-cfd2-d592-ae5509b3287d",
  "outputs": {},
  "resources": [
    {
      "mode": "data",
      "type": "tfe_slug",
      "name": "test",
      "provider": "provider[\"registry.terraform.io/hashicorp/tfe\"]",
      "instances": [
        {
          "schema_version": 0,
          "attributes": {
            "id": "eab438d24b8498fc576384681e4d56b76d1af05b7ac61160370ad20f0443991b",
            "source_path": "../policy-set"
          },
          "sensitive_attributes": []
        }
      ]
    },
    {
      "mode": "managed",
      "type": "tfe_policy_set",
      "name": "test",
      "provider": "provider[\"registry.terraform.io/hashicorp/tfe\"]",
      "instances": [
        {
          "schema_version": 0,
          "attributes": {
            "description": "Tags and ACL controls",
            "global": true,
            "id": "polset-21Xzyi3HbS8ooLwb",
            "kind": "sentinel",
            "name": "aws-s3-policy-control",
            "organization": "josemerchan-training",
            "overridable": false,
            "policies_path": "",
            "policy_ids": null,
            "slug": {
              "id": "eab438d24b8498fc576384681e4d56b76d1af05b7ac61160370ad20f0443991b",
              "source_path": "../policy-set"
            },
            "vcs_repo": [],
            "workspace_ids": []
          },
          "sensitive_attributes": [],
          "private": "bnVsbA==",
          "dependencies": [
            "data.tfe_slug.test"
          ]
        }
      ]
    }
  ],
  "check_results": null
}
